
Microsoft Visual Studio Solution File, Format Version 12.00
# Visual Studio Version 16
VisualStudioVersion = 16.0.30320.27
MinimumVisualStudioVersion = 10.0.40219.1
Project("{FAE04EC0-301F-11D3-BF4B-00C04F79EFBC}") = "WpfApp2", "WpfApp2\WpfApp2.csproj", "{C67F1028-49A9-45EC-9F49-C0CB7252C0E4}"
EndProject
Global
	GlobalSection(SolutionConfigurationPlatforms) = preSolution
		Debug|Any CPU = Debug|Any CPU
		Release|Any CPU = Release|Any CPU
	EndGlobalSection
	GlobalSection(ProjectConfigurationPlatforms) = postSolution
		{C67F1028-49A9-45EC-9F49-C0CB7252C0E4}.Debug|Any CPU.ActiveCfg = Debug|Any CPU
		{C67F1028-49A9-45EC-9F49-C0CB7252C0E4}.Debug|Any CPU.Build.0 = Debug|Any CPU
		{C67F1028-49A9-45EC-9F49-C0CB7252C0E4}.Release|Any CPU.ActiveCfg = Release|Any CPU
		{C67F1028-49A9-45EC-9F49-C0CB7252C0E4}.Release|Any CPU.Build.0 = Release|Any CPU
	EndGlobalSection
	GlobalSection(SolutionProperties) = preSolution
		HideSolutionNode = FALSE
	EndGlobalSection
	GlobalSection(ExtensibilityGlobals) = postSolution
		SolutionGuid = {F4DD5B78-AA5D-4A95-9589-163C3DA79550}
	EndGlobalSection
EndGlobal
